{
  "version": "5",
  "specifiers": {
    "jsr:@cliffy/ansi@^1.1.0": "1.1.1",
    "jsr:@cliffy/ansi@^1.1.1": "1.1.1",
    "jsr:@cliffy/internal@1.1.1": "1.1.1",
    "jsr:@cliffy/keycode@1.1.1": "1.1.1",
    "jsr:@cliffy/keypress@^1.1.0": "1.1.1",
    "jsr:@cliffy/keypress@^1.1.1": "1.1.1",
    "jsr:@cross/deepmerge@1": "1.0.1",
    "jsr:@cross/dir@^1.1.0": "1.1.1",
    "jsr:@cross/env@1": "1.0.3",
    "jsr:@cross/env@^1.0.2": "1.0.3",
    "jsr:@cross/fs@^0.0.8": "0.0.8",
    "jsr:@cross/fs@^0.0.9": "0.0.9",
    "jsr:@cross/fs@~0.1.11": "0.1.14",
    "jsr:@cross/runtime@1": "1.2.1",
    "jsr:@cross/service@^1.0.7": "1.0.7",
    "jsr:@cross/utils@0.10": "0.10.0",
    "jsr:@cross/utils@0.11": "0.11.0",
    "jsr:@cross/utils@0.16": "0.16.0",
    "jsr:@cross/utils@0.9": "0.9.4",
    "jsr:@std/assert@0.221": "0.221.0",
    "jsr:@std/assert@1.0.19": "1.0.19",
    "jsr:@std/collections@^1.1.3": "1.2.0",
    "jsr:@std/encoding@^1.0.10": "1.0.10",
    "jsr:@std/fmt@^1.0.10": "1.0.10",
    "jsr:@std/fmt@^1.0.9": "1.0.10",
    "jsr:@std/internal@^1.0.12": "1.0.14",
    "jsr:@std/internal@^1.0.14": "1.0.14",
    "jsr:@std/io@~0.225.3": "0.225.3",
    "jsr:@std/path@0.221": "0.221.0",
    "jsr:@std/path@^1.0.8": "1.1.5",
    "jsr:@std/path@^1.1.4": "1.1.5",
    "jsr:@std/path@^1.1.5": "1.1.5",
    "jsr:@std/toml@^1.0.11": "1.0.11",
    "jsr:@std/yaml@^1.1.0": "1.1.1",
    "jsr:@std/yaml@^1.1.1": "1.1.1"
  },
  "jsr": {
    "@cliffy/ansi@1.1.1": {
      "integrity": "9b4a5c5b7720261460fa527cc795e6db41de1ea7e567f58be702461023b4bdbf",
      "dependencies": [
        "jsr:@cliffy/internal",
        "jsr:@std/encoding",
        "jsr:@std/fmt@^1.0.9",
        "jsr:@std/io"
      ]
    },
    "@cliffy/internal@1.1.1": {
      "integrity": "a658c9ec5ac30819b8c25e6bff0250f57eec90c5047a8c8b19109b54a16bb89b"
    },
    "@cliffy/keycode@1.1.1": {
      "integrity": "c1ced8c854d839b394734b34da3b42b1ebcb97ef0487bc74a994f394654325b5"
    },
    "@cliffy/keypress@1.1.1": {
      "integrity": "0253d0a0489ad5255e04762ebc238bbb83c8d5658123a79daf4a465e8cb3167e",
      "dependencies": [
        "jsr:@cliffy/internal",
        "jsr:@cliffy/keycode"
      ]
    },
    "@cross/deepmerge@1.0.1": {
      "integrity": "7a224229f1a463087d62cef8729d26263ed4f5e3c2f2bfec64fc0a16a9dbc754"
    },
    "@cross/dir@1.1.1": {
      "integrity": "b90bd555fb1c145c38b3925c319a92ace4c7de200512dbc9347b70ce7b8a4324",
      "dependencies": [
        "jsr:@cross/env@1",
        "jsr:@cross/runtime",
        "jsr:@cross/utils@0.16"
      ]
    },
    "@cross/env@1.0.3": {
      "integrity": "218d2dd68bec55cf047d1670a8bddc304b9c011a8ad22e647afa916bb796c8b4",
      "dependencies": [
        "jsr:@cross/deepmerge",
        "jsr:@cross/runtime"
      ]
    },
    "@cross/fs@0.0.8": {
      "integrity": "1306ba58c498d756e2e012b9a60828ae45631d3999174444c3c189afc2a706a5",
      "dependencies": [
        "jsr:@cross/env@1",
        "jsr:@cross/runtime",
        "jsr:@cross/utils@0.9",
        "jsr:@std/path@0.221"
      ]
    },
    "@cross/fs@0.0.9": {
      "integrity": "29d1c0999877c2a92d507e21d4eafb971d23c2e5d7d5393cc2db0eeeffeff3f6",
      "dependencies": [
        "jsr:@cross/dir",
        "jsr:@cross/env@1",
        "jsr:@cross/runtime",
        "jsr:@cross/utils@0.10",
        "jsr:@std/path@0.221"
      ]
    },
    "@cross/fs@0.1.14": {
      "integrity": "d59c53ef26e02d1d0369b0bcf1d01dbac89ef2fbc938c00ae9d8e7ed281ae96b",
      "dependencies": [
        "jsr:@cross/env@1",
        "jsr:@cross/runtime",
        "jsr:@std/path@^1.0.8"
      ]
    },
    "@cross/runtime@1.2.1": {
      "integrity": "f462fcf2fd678f9073291b4e55209b90f58c8d508764a84205d178abdcf22fc9"
    },
    "@cross/service@1.0.7": {
      "integrity": "1f23ade47e5d8d188a98ecf71f7c97e8f5498d80ad1269d7c1a1e20cef5b6085",
      "dependencies": [
        "jsr:@cross/env@^1.0.2",
        "jsr:@cross/fs@^0.0.9",
        "jsr:@cross/runtime",
        "jsr:@cross/utils@0.11",
        "jsr:@std/path@0.221"
      ]
    },
    "@cross/utils@0.9.4": {
      "integrity": "f097efb177428c78197d97499160467b00b780d11405fc7fd429a6ad74a84192",
      "dependencies": [
        "jsr:@cross/runtime"
      ]
    },
    "@cross/utils@0.10.0": {
      "integrity": "476c980309a5df9a86bc205a118647612c614345cbd1373f3018fdbfa6474efd",
      "dependencies": [
        "jsr:@cross/runtime"
      ]
    },
    "@cross/utils@0.11.0": {
      "integrity": "400632a6acfbaf47aca3cd080e4eb82867974ed33523558257710b70fb88e5fe",
      "dependencies": [
        "jsr:@cross/fs@^0.0.8",
        "jsr:@cross/runtime"
      ]
    },
    "@cross/utils@0.16.0": {
      "integrity": "c6333cafd9be41a04c449655120989b8f3601322f7344db30f9d00eef7bc942f",
      "dependencies": [
        "jsr:@cross/fs@~0.1.11",
        "jsr:@cross/runtime"
      ]
    },
    "@std/assert@0.221.0": {
      "integrity": "a5f1aa6e7909dbea271754fd4ab3f4e687aeff4873b4cef9a320af813adb489a"
    },
    "@std/assert@1.0.19": {
      "integrity": "eaada96ee120cb980bc47e040f82814d786fe8162ecc53c91d8df60b8755991e",
      "dependencies": [
        "jsr:@std/internal@^1.0.12"
      ]
    },
    "@std/collections@1.2.0": {
      "integrity": "47627a21d3a13138b77fd0e4d790ba9d2e603c3510b686cde6b132fe9aa98a88"
    },
    "@std/encoding@1.0.10": {
      "integrity": "8783c6384a2d13abd5e9e87a7ae0520a30e9f56aeeaa3bdf910a3eaaf5c811a1"
    },
    "@std/fmt@1.0.10": {
      "integrity": "90dfba288802ac6de82fb31d0917eb9e4450b9925b954d5e51fc29ac07419db5"
    },
    "@std/internal@1.0.14": {
      "integrity": "291516b3d4c35024d6ffbc0a9df5bf4c64116e05b50012cf846710152d2ffdf7"
    },
    "@std/io@0.225.3": {
      "integrity": "27b07b591384d12d7b568f39e61dff966b8230559122df1e9fd11cc068f7ddd1"
    },
    "@std/path@0.221.0": {
      "integrity": "0a36f6b17314ef653a3a1649740cc8db51b25a133ecfe838f20b79a56ebe0095",
      "dependencies": [
        "jsr:@std/assert@0.221"
      ]
    },
    "@std/path@1.1.5": {
      "integrity": "ccea00982ea28c36becaf6e62f855406c76a8c32d462f66f415bbb7d83a271bc",
      "dependencies": [
        "jsr:@std/internal@^1.0.14"
      ]
    },
    "@std/toml@1.0.11": {
      "integrity": "e084988b872ca4bad6aedfb7350f6eeed0e8ba88e9ee5e1590621c5b5bb8f715",
      "dependencies": [
        "jsr:@std/collections"
      ]
    },
    "@std/yaml@1.1.1": {
      "integrity": "a57665ecf3d17b926380593a56625d8a10cc7281802f1e993b5ebc94a48e71f8"
    }
  },
  "workspace": {
    "dependencies": [
      "jsr:@cliffy/ansi@^1.1.1",
      "jsr:@cliffy/keypress@^1.1.1",
      "jsr:@cross/service@^1.0.7",
      "jsr:@std/assert@1.0.19",
      "jsr:@std/fmt@^1.0.10",
      "jsr:@std/path@^1.1.5",
      "jsr:@std/toml@^1.0.11",
      "jsr:@std/yaml@^1.1.1"
    ],
    "members": {
      "cli": {
        "dependencies": [
          "jsr:@cliffy/ansi@^1.1.0",
          "jsr:@cliffy/keypress@^1.1.0",
          "jsr:@std/assert@1.0.19",
          "jsr:@std/fmt@^1.0.10",
          "jsr:@std/path@^1.1.4"
        ]
      },
      "gateway": {
        "dependencies": [
          "jsr:@cliffy/ansi@^1.1.0",
          "jsr:@cross/service@^1.0.7",
          "jsr:@std/assert@1.0.19",
          "jsr:@std/fmt@^1.0.10",
          "jsr:@std/path@^1.1.4",
          "jsr:@std/toml@^1.0.11",
          "jsr:@std/yaml@^1.1.0"
        ]
      },
      "providers": {
        "dependencies": [
          "jsr:@std/assert@1.0.19",
          "jsr:@std/fmt@^1.0.10",
          "jsr:@std/path@^1.1.4"
        ]
      }
    }
  }
}
